PODS:
  - Alamofire (3.2.0)
  - Backendless-ios-SDK (3.0.9)
  - Firebase (2.5.1)
  - SwiftyJSON (2.3.2)

DEPENDENCIES:
  - Alamofire (~> 3.0)
  - Backendless-ios-SDK (~> 3.0.0)
  - Firebase (>= 2.5.0)
  - SwiftyJSON (from `https://github.com/SwiftyJSON/SwiftyJSON.git`)

EXTERNAL SOURCES:
  SwiftyJSON:
    :git: https://github.com/SwiftyJSON/SwiftyJSON.git

CHECKOUT OPTIONS:
  SwiftyJSON:
    :commit: 42bdb102d2624b143c07850ebdc1537d5b6579b6
    :git: https://github.com/SwiftyJSON/SwiftyJSON.git

SPEC CHECKSUMS:
  Alamofire: 4da478599fccddff361205c8929333d7fe18dceb
  Backendless-ios-SDK: 0364a28d6447231a0708d2f60dec4fabd2feee56
  Firebase: 3565ea88b830f28f2c77ecc524622bc71a20d085
  SwiftyJSON: 04ccea08915aa0109039157c7974cf0298da292a

COCOAPODS: 0.39.0
